{
  "nodes": {
    "nixpkgs": {
      "locked": {
        "lastModified": 1616701903,
        "narHash": "sha256-zYjmZqdfetp6XNbJcznCGGR8YkjcZ45c3Zy+Q0GrhMw=",
        "owner": "nixos",
        "repo": "nixpkgs",
        "rev": "34f85de51bbc74595e63b22ee089adbb31f7c7a2",
        "type": "github"
      },
      "original": {
        "owner": "nixos",
        "ref": "nixos-20.09",
        "repo": "nixpkgs",
        "type": "github"
      }
    },
    "root": {
      "inputs": {
        "nixpkgs": "nixpkgs",
        "unstable": "unstable"
      }
    },
    "unstable": {
      "locked": {
        "lastModified": 1616527350,
        "narHash": "sha256-VkMevY2WLU+K7T/P4wVj18Ms8zyeRfp05ILf556m5Y8=",
        "owner": "nixos",
        "repo": "nixpkgs",
        "rev": "d3f7e969b9860fb80750147aeb56dab1c730e756",
        "type": "github"
      },
      "original": {
        "owner": "nixos",
        "ref": "nixos-unstable",
        "repo": "nixpkgs",
        "type": "github"
      }
    }
  },
  "root": "root",
  "version": 7
}
