{
  "nodes": {
    "emacs": {
      "locked": {
        "lastModified": 1619579585,
        "narHash": "sha256-lhI4RW+iuKBVDgGK9vgpYcC+jswixldHy88T0bg61Lw=",
        "owner": "nix-community",
        "repo": "emacs-overlay",
        "rev": "e623b9faea59a1fc481d900ac6816777b5ce2ab2",
        "type": "github"
      },
      "original": {
        "owner": "nix-community",
        "repo": "emacs-overlay",
        "type": "github"
      }
    },
    "flake-utils": {
      "locked": {
        "lastModified": 1619345332,
        "narHash": "sha256-qHnQkEp1uklKTpx3MvKtY6xzgcqXDsz5nLilbbuL+3A=",
        "owner": "numtide",
        "repo": "flake-utils",
        "rev": "2ebf2558e5bf978c7fb8ea927dfaed8fefab2e28",
        "type": "github"
      },
      "original": {
        "owner": "numtide",
        "repo": "flake-utils",
        "type": "github"
      }
    },
    "home-manager": {
      "inputs": {
        "nixpkgs": [
          "unstable"
        ]
      },
      "locked": {
        "lastModified": 1619558193,
        "narHash": "sha256-DljP5/9EX0eXEPhzCUFqFEHkkcFuXJBx1PTgcv0OgyM=",
        "owner": "nix-community",
        "repo": "home-manager",
        "rev": "18ad12d52b8cebbb57013865eec2be5125de050a",
        "type": "github"
      },
      "original": {
        "owner": "nix-community",
        "repo": "home-manager",
        "type": "github"
      }
    },
    "nixpkgs": {
      "locked": {
        "lastModified": 1619532504,
        "narHash": "sha256-45Tt8LHUP538ICcoX/Hf8Y3U2zDsL7TJKKnSjWI3Z4o=",
        "owner": "nixos",
        "repo": "nixpkgs",
        "rev": "c6f0d282ae4c4cdb5f2941c65a5557717ea6158b",
        "type": "github"
      },
      "original": {
        "owner": "nixos",
        "ref": "nixos-20.09",
        "repo": "nixpkgs",
        "type": "github"
      }
    },
    "root": {
      "inputs": {
        "emacs": "emacs",
        "flake-utils": "flake-utils",
        "home-manager": "home-manager",
        "nixpkgs": "nixpkgs",
        "unstable": "unstable"
      }
    },
    "unstable": {
      "locked": {
        "lastModified": 1619464443,
        "narHash": "sha256-R7WAb8EnkIJxxaF6GTHUPytjonhB4Zm0iatyWoW169A=",
        "owner": "nixos",
        "repo": "nixpkgs",
        "rev": "8e4fe32876ca15e3d5eb3ecd3ca0b224417f5f17",
        "type": "github"
      },
      "original": {
        "owner": "nixos",
        "ref": "nixos-unstable",
        "repo": "nixpkgs",
        "type": "github"
      }
    }
  },
  "root": "root",
  "version": 7
}
