{
  "nodes": {
    "cloud-native": {
      "inputs": {
        "flake-utils": "flake-utils",
        "nixpkgs": [
          "nixpkgs-stable"
        ]
      },
      "locked": {
        "lastModified": 1612542287,
        "narHash": "sha256-xpBu5JDTz/w95Nlrzd/a1iDyYHMBbN2HUZuu9E/nw6o=",
        "owner": "shanesveller",
        "repo": "flake-cloud-native",
        "rev": "e67fc9b96ba2ccad1f0e1cecc4b4a583f28c04ce",
        "type": "github"
      },
      "original": {
        "owner": "shanesveller",
        "repo": "flake-cloud-native",
        "type": "github"
      }
    },
    "cryptomator": {
      "locked": {
        "lastModified": 1609951575,
        "narHash": "sha256-8m3dvQKjpFk/Y0tpqAa7e5eOUrQnsDY1bfvROGILZbY=",
        "owner": "nixos",
        "repo": "nixpkgs",
        "rev": "2eb8804497a506d8c1a0363f99a08ad1d688a24f",
        "type": "github"
      },
      "original": {
        "owner": "nixos",
        "repo": "nixpkgs",
        "rev": "2eb8804497a506d8c1a0363f99a08ad1d688a24f",
        "type": "github"
      }
    },
    "emacs": {
      "locked": {
        "lastModified": 1612658108,
        "narHash": "sha256-uFLj2L3JPvaCchjzkCyiCOd0cqM+qhh+FdBLDkSf5sE=",
        "owner": "nix-community",
        "repo": "emacs-overlay",
        "rev": "69f02792803852201ef2ffd2748661fc4b29d245",
        "type": "github"
      },
      "original": {
        "owner": "nix-community",
        "repo": "emacs-overlay",
        "type": "github"
      }
    },
    "flake-utils": {
      "locked": {
        "lastModified": 1610051610,
        "narHash": "sha256-U9rPz/usA1/Aohhk7Cmc2gBrEEKRzcW4nwPWMPwja4Y=",
        "owner": "numtide",
        "repo": "flake-utils",
        "rev": "3982c9903e93927c2164caa727cd3f6a0e6d14cc",
        "type": "github"
      },
      "original": {
        "owner": "numtide",
        "repo": "flake-utils",
        "type": "github"
      }
    },
    "home-manager": {
      "inputs": {
        "nixpkgs": [
          "nixpkgs-unstable"
        ]
      },
      "locked": {
        "lastModified": 1612688577,
        "narHash": "sha256-ZvWO3rLJSSFXbizQ0jdbRCT+HiV125XNnVWWCzAuFD8=",
        "owner": "nix-community",
        "repo": "home-manager",
        "rev": "dd6ee694dfe0417214f80764e10866f56d766110",
        "type": "github"
      },
      "original": {
        "owner": "nix-community",
        "repo": "home-manager",
        "type": "github"
      }
    },
    "nixpkgs-stable": {
      "locked": {
        "lastModified": 1612624842,
        "narHash": "sha256-1dTmZOP85HJ0VxnfyJmPHdR2RD6/Hc5AxxwATnPSlbc=",
        "owner": "nixos",
        "repo": "nixpkgs",
        "rev": "002c001ab6ffa9a69e3178fefcfb2eea8ae5f44f",
        "type": "github"
      },
      "original": {
        "owner": "nixos",
        "ref": "nixos-20.09",
        "repo": "nixpkgs",
        "type": "github"
      }
    },
    "nixpkgs-unstable": {
      "locked": {
        "lastModified": 1612545171,
        "narHash": "sha256-AZkSuO7H055eDD4KWBEDCX/R5fvw0vUMCErvQvYSEhA=",
        "owner": "nixos",
        "repo": "nixpkgs",
        "rev": "536fe36e23ab0fc8b7f35c24603422eee9fc17a2",
        "type": "github"
      },
      "original": {
        "owner": "nixos",
        "ref": "nixos-unstable",
        "repo": "nixpkgs",
        "type": "github"
      }
    },
    "root": {
      "inputs": {
        "cloud-native": "cloud-native",
        "cryptomator": "cryptomator",
        "emacs": "emacs",
        "home-manager": "home-manager",
        "nixpkgs-stable": "nixpkgs-stable",
        "nixpkgs-unstable": "nixpkgs-unstable"
      }
    }
  },
  "root": "root",
  "version": 7
}
